
Microsoft Visual Studio Solution File, Format Version 12.00
# Visual Studio Version 17
VisualStudioVersion = 17.9.34902.65
MinimumVisualStudioVersion = 10.0.40219.1
Project("{FAE04EC0-301F-11D3-BF4B-00C04F79EFBC}") = "GuestBook", "GuestBook\GuestBook.csproj", "{CB67F79E-9F71-4896-91BA-2CCC889EDB9A}"
EndProject
Global
	GlobalSection(SolutionConfigurationPlatforms) = preSolution
		Debug|Any CPU = Debug|Any CPU
		Release|Any CPU = Release|Any CPU
	EndGlobalSection
	GlobalSection(ProjectConfigurationPlatforms) = postSolution
		{CB67F79E-9F71-4896-91BA-2CCC889EDB9A}.Debug|Any CPU.ActiveCfg = Debug|Any CPU
		{CB67F79E-9F71-4896-91BA-2CCC889EDB9A}.Debug|Any CPU.Build.0 = Debug|Any CPU
		{CB67F79E-9F71-4896-91BA-2CCC889EDB9A}.Release|Any CPU.ActiveCfg = Release|Any CPU
		{CB67F79E-9F71-4896-91BA-2CCC889EDB9A}.Release|Any CPU.Build.0 = Release|Any CPU
	EndGlobalSection
	GlobalSection(SolutionProperties) = preSolution
		HideSolutionNode = FALSE
	EndGlobalSection
	GlobalSection(ExtensibilityGlobals) = postSolution
		SolutionGuid = {60A2D678-8A06-4E06-9B96-06C605BDFD88}
	EndGlobalSection
EndGlobal
